
Microsoft Visual Studio Solution File, Format Version 12.00
# Visual Studio Version 16
VisualStudioVersion = 16.0.28729.10
MinimumVisualStudioVersion = 10.0.40219.1
Project("{9A19103F-16F7-4668-BE54-9A1E7A4F7556}") = "ProphetsWay.Utilities", "ProphetsWay.Utilities\ProphetsWay.Utilities.csproj", "{EE176BE7-8E2F-41B2-90F6-FDE3C5DFE01D}"
EndProject
Project("{9A19103F-16F7-4668-BE54-9A1E7A4F7556}") = "ProphetsWay.Utilities.Tests", "ProphetsWay.Utilities.Tests\ProphetsWay.Utilities.Tests.csproj", "{E357CBCB-3C80-47CA-A869-6C396CA55AF2}"
EndProject
Project("{2150E333-8FDC-42A3-9474-1A3956D46DE8}") = "Solution Items", "Solution Items", "{A0639B64-CD80-40C9-BE99-F40D4894A1AE}"
	ProjectSection(SolutionItems) = preProject
		CHANGELOG.md = CHANGELOG.md
		LICENSE = LICENSE
		README.md = README.md
	EndProjectSection
EndProject
Global
	GlobalSection(SolutionConfigurationPlatforms) = preSolution
		Debug|Any CPU = Debug|Any CPU
		Release|Any CPU = Release|Any CPU
	EndGlobalSection
	GlobalSection(ProjectConfigurationPlatforms) = postSolution
		{EE176BE7-8E2F-41B2-90F6-FDE3C5DFE01D}.Debug|Any CPU.ActiveCfg = Debug|Any CPU
		{EE176BE7-8E2F-41B2-90F6-FDE3C5DFE01D}.Debug|Any CPU.Build.0 = Debug|Any CPU
		{EE176BE7-8E2F-41B2-90F6-FDE3C5DFE01D}.Release|Any CPU.ActiveCfg = Release|Any CPU
		{EE176BE7-8E2F-41B2-90F6-FDE3C5DFE01D}.Release|Any CPU.Build.0 = Release|Any CPU
		{E357CBCB-3C80-47CA-A869-6C396CA55AF2}.Debug|Any CPU.ActiveCfg = Debug|Any CPU
		{E357CBCB-3C80-47CA-A869-6C396CA55AF2}.Debug|Any CPU.Build.0 = Debug|Any CPU
		{E357CBCB-3C80-47CA-A869-6C396CA55AF2}.Release|Any CPU.ActiveCfg = Release|Any CPU
		{E357CBCB-3C80-47CA-A869-6C396CA55AF2}.Release|Any CPU.Build.0 = Release|Any CPU
	EndGlobalSection
	GlobalSection(SolutionProperties) = preSolution
		HideSolutionNode = FALSE
	EndGlobalSection
	GlobalSection(ExtensibilityGlobals) = postSolution
		SolutionGuid = {7974EE18-46FF-4B27-9246-D52C86D08688}
	EndGlobalSection
EndGlobal
